
Microsoft Visual Studio Solution File, Format Version 12.00
# Visual Studio 15
VisualStudioVersion = 15.0.28307.1259
MinimumVisualStudioVersion = 10.0.40219.1
Project("{FAE04EC0-301F-11D3-BF4B-00C04F79EFBC}") = "IterativeStatement1", "IterativeStatement1\IterativeStatement1.csproj", "{40CE26B9-95BA-402F-9639-9C523A0DF0C2}"
EndProject
Global
	GlobalSection(SolutionConfigurationPlatforms) = preSolution
		Debug|Any CPU = Debug|Any CPU
		Release|Any CPU = Release|Any CPU
	EndGlobalSection
	GlobalSection(ProjectConfigurationPlatforms) = postSolution
		{40CE26B9-95BA-402F-9639-9C523A0DF0C2}.Debug|Any CPU.ActiveCfg = Debug|Any CPU
		{40CE26B9-95BA-402F-9639-9C523A0DF0C2}.Debug|Any CPU.Build.0 = Debug|Any CPU
		{40CE26B9-95BA-402F-9639-9C523A0DF0C2}.Release|Any CPU.ActiveCfg = Release|Any CPU
		{40CE26B9-95BA-402F-9639-9C523A0DF0C2}.Release|Any CPU.Build.0 = Release|Any CPU
	EndGlobalSection
	GlobalSection(SolutionProperties) = preSolution
		HideSolutionNode = FALSE
	EndGlobalSection
	GlobalSection(ExtensibilityGlobals) = postSolution
		SolutionGuid = {86C5DE7B-66F0-408A-9951-89D5B004B0AD}
	EndGlobalSection
EndGlobal
